
Microsoft Visual Studio Solution File, Format Version 12.00
# Visual Studio Version 17
VisualStudioVersion = 17.9.34902.65
MinimumVisualStudioVersion = 10.0.40219.1
Project("{C7167F0D-BC9F-4E6E-AFE1-012C56B48DB5}") = "Kubix (Package)", "Kubix (Package)\Kubix (Package).wapproj", "{173299FC-FDCB-41F6-87BD-7795C80FC61C}"
EndProject
Project("{FAE04EC0-301F-11D3-BF4B-00C04F79EFBC}") = "Kubix", "Kubix\Kubix.csproj", "{3DB5E177-748B-47A1-A071-239E9E5D75F9}"
EndProject
Global
	GlobalSection(SolutionConfigurationPlatforms) = preSolution
		Debug|ARM64 = Debug|ARM64
		Debug|x64 = Debug|x64
		Debug|x86 = Debug|x86
		Release|ARM64 = Release|ARM64
		Release|x64 = Release|x64
		Release|x86 = Release|x86
	EndGlobalSection
	GlobalSection(ProjectConfigurationPlatforms) = postSolution
		{173299FC-FDCB-41F6-87BD-7795C80FC61C}.Debug|ARM64.ActiveCfg = Debug|ARM64
		{173299FC-FDCB-41F6-87BD-7795C80FC61C}.Debug|ARM64.Build.0 = Debug|ARM64
		{173299FC-FDCB-41F6-87BD-7795C80FC61C}.Debug|ARM64.Deploy.0 = Debug|ARM64
		{173299FC-FDCB-41F6-87BD-7795C80FC61C}.Debug|x64.ActiveCfg = Debug|x64
		{173299FC-FDCB-41F6-87BD-7795C80FC61C}.Debug|x64.Build.0 = Debug|x64
		{173299FC-FDCB-41F6-87BD-7795C80FC61C}.Debug|x64.Deploy.0 = Debug|x64
		{173299FC-FDCB-41F6-87BD-7795C80FC61C}.Debug|x86.ActiveCfg = Debug|x86
		{173299FC-FDCB-41F6-87BD-7795C80FC61C}.Debug|x86.Build.0 = Debug|x86
		{173299FC-FDCB-41F6-87BD-7795C80FC61C}.Debug|x86.Deploy.0 = Debug|x86
		{173299FC-FDCB-41F6-87BD-7795C80FC61C}.Release|ARM64.ActiveCfg = Release|ARM64
		{173299FC-FDCB-41F6-87BD-7795C80FC61C}.Release|ARM64.Build.0 = Release|ARM64
		{173299FC-FDCB-41F6-87BD-7795C80FC61C}.Release|ARM64.Deploy.0 = Release|ARM64
		{173299FC-FDCB-41F6-87BD-7795C80FC61C}.Release|x64.ActiveCfg = Release|x64
		{173299FC-FDCB-41F6-87BD-7795C80FC61C}.Release|x64.Build.0 = Release|x64
		{173299FC-FDCB-41F6-87BD-7795C80FC61C}.Release|x64.Deploy.0 = Release|x64
		{173299FC-FDCB-41F6-87BD-7795C80FC61C}.Release|x86.ActiveCfg = Release|x86
		{173299FC-FDCB-41F6-87BD-7795C80FC61C}.Release|x86.Build.0 = Release|x86
		{173299FC-FDCB-41F6-87BD-7795C80FC61C}.Release|x86.Deploy.0 = Release|x86
		{3DB5E177-748B-47A1-A071-239E9E5D75F9}.Debug|ARM64.ActiveCfg = Debug|ARM64
		{3DB5E177-748B-47A1-A071-239E9E5D75F9}.Debug|ARM64.Build.0 = Debug|ARM64
		{3DB5E177-748B-47A1-A071-239E9E5D75F9}.Debug|x64.ActiveCfg = Debug|x64
		{3DB5E177-748B-47A1-A071-239E9E5D75F9}.Debug|x64.Build.0 = Debug|x64
		{3DB5E177-748B-47A1-A071-239E9E5D75F9}.Debug|x86.ActiveCfg = Debug|x86
		{3DB5E177-748B-47A1-A071-239E9E5D75F9}.Debug|x86.Build.0 = Debug|x86
		{3DB5E177-748B-47A1-A071-239E9E5D75F9}.Release|ARM64.ActiveCfg = Release|ARM64
		{3DB5E177-748B-47A1-A071-239E9E5D75F9}.Release|ARM64.Build.0 = Release|ARM64
		{3DB5E177-748B-47A1-A071-239E9E5D75F9}.Release|x64.ActiveCfg = Release|x64
		{3DB5E177-748B-47A1-A071-239E9E5D75F9}.Release|x64.Build.0 = Release|x64
		{3DB5E177-748B-47A1-A071-239E9E5D75F9}.Release|x86.ActiveCfg = Release|x86
		{3DB5E177-748B-47A1-A071-239E9E5D75F9}.Release|x86.Build.0 = Release|x86
	EndGlobalSection
	GlobalSection(SolutionProperties) = preSolution
		HideSolutionNode = FALSE
	EndGlobalSection
	GlobalSection(ExtensibilityGlobals) = postSolution
		SolutionGuid = {E573436D-6592-4F40-9E39-08B08EF94D09}
	EndGlobalSection
EndGlobal
