
Microsoft Visual Studio Solution File, Format Version 12.00
# Visual Studio Version 17
VisualStudioVersion = 17.9.34902.65
MinimumVisualStudioVersion = 10.0.40219.1
Project("{9A19103F-16F7-4668-BE54-9A1E7A4F7556}") = "Kubix", "Kubix\Kubix.csproj", "{D5DCE13D-A51F-4456-A6B5-1C92446B21FD}"
EndProject
Project("{C7167F0D-BC9F-4E6E-AFE1-012C56B48DB5}") = "Kubix (Package)", "Kubix (Package)\Kubix (Package).wapproj", "{37743EE3-0CD0-464B-9D3C-3C3833FD985B}"
EndProject
Global
	GlobalSection(SolutionConfigurationPlatforms) = preSolution
		Debug|ARM64 = Debug|ARM64
		Debug|x64 = Debug|x64
		Debug|x86 = Debug|x86
		Release|ARM64 = Release|ARM64
		Release|x64 = Release|x64
		Release|x86 = Release|x86
	EndGlobalSection
	GlobalSection(ProjectConfigurationPlatforms) = postSolution
		{D5DCE13D-A51F-4456-A6B5-1C92446B21FD}.Debug|ARM64.ActiveCfg = Debug|ARM64
		{D5DCE13D-A51F-4456-A6B5-1C92446B21FD}.Debug|ARM64.Build.0 = Debug|ARM64
		{D5DCE13D-A51F-4456-A6B5-1C92446B21FD}.Debug|ARM64.Deploy.0 = Debug|ARM64
		{D5DCE13D-A51F-4456-A6B5-1C92446B21FD}.Debug|x64.ActiveCfg = Debug|x64
		{D5DCE13D-A51F-4456-A6B5-1C92446B21FD}.Debug|x64.Build.0 = Debug|x64
		{D5DCE13D-A51F-4456-A6B5-1C92446B21FD}.Debug|x64.Deploy.0 = Debug|x64
		{D5DCE13D-A51F-4456-A6B5-1C92446B21FD}.Debug|x86.ActiveCfg = Debug|x86
		{D5DCE13D-A51F-4456-A6B5-1C92446B21FD}.Debug|x86.Build.0 = Debug|x86
		{D5DCE13D-A51F-4456-A6B5-1C92446B21FD}.Debug|x86.Deploy.0 = Debug|x86
		{D5DCE13D-A51F-4456-A6B5-1C92446B21FD}.Release|ARM64.ActiveCfg = Release|ARM64
		{D5DCE13D-A51F-4456-A6B5-1C92446B21FD}.Release|ARM64.Build.0 = Release|ARM64
		{D5DCE13D-A51F-4456-A6B5-1C92446B21FD}.Release|ARM64.Deploy.0 = Release|ARM64
		{D5DCE13D-A51F-4456-A6B5-1C92446B21FD}.Release|x64.ActiveCfg = Release|x64
		{D5DCE13D-A51F-4456-A6B5-1C92446B21FD}.Release|x64.Build.0 = Release|x64
		{D5DCE13D-A51F-4456-A6B5-1C92446B21FD}.Release|x64.Deploy.0 = Release|x64
		{D5DCE13D-A51F-4456-A6B5-1C92446B21FD}.Release|x86.ActiveCfg = Release|x86
		{D5DCE13D-A51F-4456-A6B5-1C92446B21FD}.Release|x86.Build.0 = Release|x86
		{D5DCE13D-A51F-4456-A6B5-1C92446B21FD}.Release|x86.Deploy.0 = Release|x86
		{37743EE3-0CD0-464B-9D3C-3C3833FD985B}.Debug|ARM64.ActiveCfg = Debug|ARM64
		{37743EE3-0CD0-464B-9D3C-3C3833FD985B}.Debug|ARM64.Build.0 = Debug|ARM64
		{37743EE3-0CD0-464B-9D3C-3C3833FD985B}.Debug|ARM64.Deploy.0 = Debug|ARM64
		{37743EE3-0CD0-464B-9D3C-3C3833FD985B}.Debug|x64.ActiveCfg = Debug|x64
		{37743EE3-0CD0-464B-9D3C-3C3833FD985B}.Debug|x64.Build.0 = Debug|x64
		{37743EE3-0CD0-464B-9D3C-3C3833FD985B}.Debug|x64.Deploy.0 = Debug|x64
		{37743EE3-0CD0-464B-9D3C-3C3833FD985B}.Debug|x86.ActiveCfg = Debug|x86
		{37743EE3-0CD0-464B-9D3C-3C3833FD985B}.Debug|x86.Build.0 = Debug|x86
		{37743EE3-0CD0-464B-9D3C-3C3833FD985B}.Debug|x86.Deploy.0 = Debug|x86
		{37743EE3-0CD0-464B-9D3C-3C3833FD985B}.Release|ARM64.ActiveCfg = Release|ARM64
		{37743EE3-0CD0-464B-9D3C-3C3833FD985B}.Release|ARM64.Build.0 = Release|ARM64
		{37743EE3-0CD0-464B-9D3C-3C3833FD985B}.Release|ARM64.Deploy.0 = Release|ARM64
		{37743EE3-0CD0-464B-9D3C-3C3833FD985B}.Release|x64.ActiveCfg = Release|x64
		{37743EE3-0CD0-464B-9D3C-3C3833FD985B}.Release|x64.Build.0 = Release|x64
		{37743EE3-0CD0-464B-9D3C-3C3833FD985B}.Release|x64.Deploy.0 = Release|x64
		{37743EE3-0CD0-464B-9D3C-3C3833FD985B}.Release|x86.ActiveCfg = Release|x86
		{37743EE3-0CD0-464B-9D3C-3C3833FD985B}.Release|x86.Build.0 = Release|x86
		{37743EE3-0CD0-464B-9D3C-3C3833FD985B}.Release|x86.Deploy.0 = Release|x86
	EndGlobalSection
	GlobalSection(SolutionProperties) = preSolution
		HideSolutionNode = FALSE
	EndGlobalSection
	GlobalSection(ExtensibilityGlobals) = postSolution
		SolutionGuid = {E573436D-6592-4F40-9E39-08B08EF94D09}
	EndGlobalSection
EndGlobal
